
Microsoft Visual Studio Solution File, Format Version 12.00
# Visual Studio Version 16
VisualStudioVersion = 16.0.29728.190
MinimumVisualStudioVersion = 10.0.40219.1
Project("{FAE04EC0-301F-11D3-BF4B-00C04F79EFBC}") = "WebNhaKhoCuaThanh", "WebNhaKhoCuaThanh\WebNhaKhoCuaThanh.csproj", "{5F6BEE14-675F-4171-9AAE-34EC9BB15A33}"
EndProject
Global
	GlobalSection(SolutionConfigurationPlatforms) = preSolution
		Debug|Any CPU = Debug|Any CPU
		Release|Any CPU = Release|Any CPU
	EndGlobalSection
	GlobalSection(ProjectConfigurationPlatforms) = postSolution
		{5F6BEE14-675F-4171-9AAE-34EC9BB15A33}.Debug|Any CPU.ActiveCfg = Debug|Any CPU
		{5F6BEE14-675F-4171-9AAE-34EC9BB15A33}.Debug|Any CPU.Build.0 = Debug|Any CPU
		{5F6BEE14-675F-4171-9AAE-34EC9BB15A33}.Release|Any CPU.ActiveCfg = Release|Any CPU
		{5F6BEE14-675F-4171-9AAE-34EC9BB15A33}.Release|Any CPU.Build.0 = Release|Any CPU
	EndGlobalSection
	GlobalSection(SolutionProperties) = preSolution
		HideSolutionNode = FALSE
	EndGlobalSection
	GlobalSection(ExtensibilityGlobals) = postSolution
		SolutionGuid = {A84A0F6A-9B6B-4AEC-9B7E-E5729CE5E8FE}
	EndGlobalSection
EndGlobal
